# This file is automatically @generated by Cargo.
# It is not intended for manual editing.
version = 4

[[package]]
name = "ptrie"
version = "0.7.2"
source = "registry+https://github.com/rust-lang/crates.io-index"
checksum = "4debfffbf1669869b4bea1bab297f8e9ec11900a9ff2dcf659c2a1c4918c811a"

[[package]]
name = "token-dict"
version = "0.1.0"
dependencies = [
 "ptrie",
]
